{
  "name": "vs",
  "version": "1.0.0",
  "lockfileVersion": 1,
  "requires": true,
  "dependencies": {
    "color": {
      "version": "3.0.0",
      "resolved": "http://registry.npm.taobao.org/color/download/color-3.0.0.tgz",
      "integrity": "sha1-2SC0Mo1TSjrIKV1o971LpsQnvpo=",
      "requires": {
        "color-convert": "1.9.2",
        "color-string": "1.5.2"
      }
    },
    "color-convert": {
      "version": "1.9.2",
      "resolved": "http://registry.npm.taobao.org/color-convert/download/color-convert-1.9.2.tgz",
      "integrity": "sha1-SYgbj7pn3xKpa98/VsCqueeRMUc=",
      "requires": {
        "color-name": "1.1.1"
      }
    },
    "color-name": {
      "version": "1.1.1",
      "resolved": "http://registry.npm.taobao.org/color-name/download/color-name-1.1.1.tgz",
      "integrity": "sha1-SxQVMEz1ACjqgWQ2Q72C6gWANok="
    },
    "color-string": {
      "version": "1.5.2",
      "resolved": "http://registry.npm.taobao.org/color-string/download/color-string-1.5.2.tgz",
      "integrity": "sha1-JuRYFLw8mny9Z1FkikFDRRSnc6k=",
      "requires": {
        "color-name": "1.1.1",
        "simple-swizzle": "0.2.2"
      }
    },
    "d3-color": {
      "version": "1.2.0",
      "resolved": "http://registry.npm.taobao.org/d3-color/download/d3-color-1.2.0.tgz",
      "integrity": "sha1-0eoZ21hZyGhUWGJ27Iks+TFIRZo="
    },
    "ichi-color": {
      "version": "1.0.1",
      "resolved": "http://registry.npm.taobao.org/ichi-color/download/ichi-color-1.0.1.tgz",
      "integrity": "sha1-aGAaziCrI5L9Q5BX1BAmzNqul3g="
    },
    "is-arrayish": {
      "version": "0.3.2",
      "resolved": "http://registry.npm.taobao.org/is-arrayish/download/is-arrayish-0.3.2.tgz",
      "integrity": "sha1-RXSirlb3qyBolvtDHq7tBm/fjwM="
    },
    "simple-swizzle": {
      "version": "0.2.2",
      "resolved": "http://registry.npm.taobao.org/simple-swizzle/download/simple-swizzle-0.2.2.tgz",
      "integrity": "sha1-pNprY1/8zMoz9w0Xy5JZLeleVXo=",
      "requires": {
        "is-arrayish": "0.3.2"
      }
    }
  }
}
